{
	"name": "@mo-demo/cli",
	"version": "0.0.0",
	"lockfileVersion": 2,
	"requires": true,
	"packages": {
		"": {
			"name": "@mo-demo/cli",
			"version": "0.0.0",
			"license": "ISC",
			"dependencies": {
				"chalk2": "^0.0.1-security"
			}
		},
		"node_modules/chalk2": {
			"version": "0.0.1-security",
			"resolved": "https://registry.npmjs.org/chalk2/-/chalk2-0.0.1-security.tgz",
			"integrity": "sha512-Yd+bkminLtWIvWm6VuacNBVGOFwPC7EMqJIifSBHexuTQUiLe6xQOSjyfXry46o84mOfBuVS3XHUpufHqtXoNw=="
		}
	},
	"dependencies": {
		"chalk2": {
			"version": "0.0.1-security",
			"resolved": "https://registry.npmjs.org/chalk2/-/chalk2-0.0.1-security.tgz",
			"integrity": "sha512-Yd+bkminLtWIvWm6VuacNBVGOFwPC7EMqJIifSBHexuTQUiLe6xQOSjyfXry46o84mOfBuVS3XHUpufHqtXoNw=="
		}
	}
}
